Microsoft Visual Studio Solution File, Format Version 12.00
# Visual Studio 15
VisualStudioVersion = 15.0.27703.2018
MinimumVisualStudioVersion = 10.0.40219.1
Project("{FAE04EC0-301F-11D3-BF4B-00C04F79EFBC}") = "lands.Android", "lands.Android\lands.Android.csproj", "{639C1CC3-0EDF-4C08-9969-595A655BC6A2}"
EndProject
Project("{FAE04EC0-301F-11D3-BF4B-00C04F79EFBC}") = "lands.iOS", "lands.iOS\lands.iOS.csproj", "{DE5A820E-2E53-4E90-B38A-209F66785A0C}"
EndProject
Project("{9A19103F-16F7-4668-BE54-9A1E7A4F7556}") = "lands", "lands\lands.csproj", "{4F52DC1F-D603-47DF-A943-D9D1EBFDB4B7}"
EndProject
Project("{FAE04EC0-301F-11D3-BF4B-00C04F79EFBC}") = "Lands.Domain", "Lands.Domain\Lands.Domain.csproj", "{951D3833-E577-45FC-93B2-1F9151B60AE1}"
EndProject
Project("{FAE04EC0-301F-11D3-BF4B-00C04F79EFBC}") = "Lands.Backend", "Lands.Backend\Lands.Backend.csproj", "{F1260276-71E3-4D64-90D2-0A78225A89B5}"
EndProject
Project("{FAE04EC0-301F-11D3-BF4B-00C04F79EFBC}") = "Lands.API", "Lands.API\Lands.API.csproj", "{4675594F-8DAB-4C65-878A-C10433EF6EFA}"
EndProject
Global
	GlobalSection(SolutionConfigurationPlatforms) = preSolution
		Ad-Hoc|Any CPU = Ad-Hoc|Any CPU
		Ad-Hoc|iPhone = Ad-Hoc|iPhone
		Ad-Hoc|iPhoneSimulator = Ad-Hoc|iPhoneSimulator
		AppStore|Any CPU = AppStore|Any CPU
		AppStore|iPhone = AppStore|iPhone
		AppStore|iPhoneSimulator = AppStore|iPhoneSimulator
		Debug|Any CPU = Debug|Any CPU
		Debug|iPhone = Debug|iPhone
		Debug|iPhoneSimulator = Debug|iPhoneSimulator
		Release|Any CPU = Release|Any CPU
		Release|iPhone = Release|iPhone
		Release|iPhoneSimulator = Release|iPhoneSimulator
	EndGlobalSection
	GlobalSection(ProjectConfigurationPlatforms) = postSolution
		{639C1CC3-0EDF-4C08-9969-595A655BC6A2}.Ad-Hoc|Any CPU.ActiveCfg = Release|Any CPU
		{639C1CC3-0EDF-4C08-9969-595A655BC6A2}.Ad-Hoc|Any CPU.Build.0 = Release|Any CPU
		{639C1CC3-0EDF-4C08-9969-595A655BC6A2}.Ad-Hoc|Any CPU.Deploy.0 = Release|Any CPU
		{639C1CC3-0EDF-4C08-9969-595A655BC6A2}.Ad-Hoc|iPhone.ActiveCfg = Debug|Any CPU
		{639C1CC3-0EDF-4C08-9969-595A655BC6A2}.Ad-Hoc|iPhone.Build.0 = Debug|Any CPU
		{639C1CC3-0EDF-4C08-9969-595A655BC6A2}.Ad-Hoc|iPhoneSimulator.ActiveCfg = Release|Any CPU
		{639C1CC3-0EDF-4C08-9969-595A655BC6A2}.Ad-Hoc|iPhoneSimulator.Build.0 = Release|Any CPU
		{639C1CC3-0EDF-4C08-9969-595A655BC6A2}.Ad-Hoc|iPhoneSimulator.Deploy.0 = Release|Any CPU
		{639C1CC3-0EDF-4C08-9969-595A655BC6A2}.AppStore|Any CPU.ActiveCfg = Release|Any CPU
		{639C1CC3-0EDF-4C08-9969-595A655BC6A2}.AppStore|Any CPU.Build.0 = Release|Any CPU
		{639C1CC3-0EDF-4C08-9969-595A655BC6A2}.AppStore|Any CPU.Deploy.0 = Release|Any CPU
		{639C1CC3-0EDF-4C08-9969-595A655BC6A2}.AppStore|iPhone.ActiveCfg = Debug|Any CPU
		{639C1CC3-0EDF-4C08-9969-595A655BC6A2}.AppStore|iPhone.Build.0 = Debug|Any CPU
		{639C1CC3-0EDF-4C08-9969-595A655BC6A2}.AppStore|iPhoneSimulator.ActiveCfg = Release|Any CPU
		{639C1CC3-0EDF-4C08-9969-595A655BC6A2}.AppStore|iPhoneSimulator.Build.0 = Release|Any CPU
		{639C1CC3-0EDF-4C08-9969-595A655BC6A2}.AppStore|iPhoneSimulator.Deploy.0 = Release|Any CPU
		{639C1CC3-0EDF-4C08-9969-595A655BC6A2}.Debug|Any CPU.ActiveCfg = Debug|Any CPU
		{639C1CC3-0EDF-4C08-9969-595A655BC6A2}.Debug|Any CPU.Build.0 = Debug|Any CPU
		{639C1CC3-0EDF-4C08-9969-595A655BC6A2}.Debug|Any CPU.Deploy.0 = Debug|Any CPU
		{639C1CC3-0EDF-4C08-9969-595A655BC6A2}.Debug|iPhone.ActiveCfg = Debug|Any CPU
		{639C1CC3-0EDF-4C08-9969-595A655BC6A2}.Debug|iPhone.Build.0 = Debug|Any CPU
		{639C1CC3-0EDF-4C08-9969-595A655BC6A2}.Debug|iPhoneSimulator.ActiveCfg = Debug|Any CPU
		{639C1CC3-0EDF-4C08-9969-595A655BC6A2}.Debug|iPhoneSimulator.Build.0 = Debug|Any CPU
		{639C1CC3-0EDF-4C08-9969-595A655BC6A2}.Release|Any CPU.ActiveCfg = Release|Any CPU
		{639C1CC3-0EDF-4C08-9969-595A655BC6A2}.Release|Any CPU.Build.0 = Release|Any CPU
		{639C1CC3-0EDF-4C08-9969-595A655BC6A2}.Release|iPhone.ActiveCfg = Release|Any CPU
		{639C1CC3-0EDF-4C08-9969-595A655BC6A2}.Release|iPhone.Build.0 = Release|Any CPU
		{639C1CC3-0EDF-4C08-9969-595A655BC6A2}.Release|iPhoneSimulator.ActiveCfg = Release|Any CPU
		{639C1CC3-0EDF-4C08-9969-595A655BC6A2}.Release|iPhoneSimulator.Build.0 = Release|Any CPU
		{DE5A820E-2E53-4E90-B38A-209F66785A0C}.Ad-Hoc|Any CPU.ActiveCfg = Ad-Hoc|iPhoneSimulator
		{DE5A820E-2E53-4E90-B38A-209F66785A0C}.Ad-Hoc|iPhone.ActiveCfg = Ad-Hoc|iPhone
		{DE5A820E-2E53-4E90-B38A-209F66785A0C}.Ad-Hoc|iPhone.Build.0 = Ad-Hoc|iPhone
		{DE5A820E-2E53-4E90-B38A-209F66785A0C}.Ad-Hoc|iPhoneSimulator.ActiveCfg = Ad-Hoc|iPhoneSimulator
		{DE5A820E-2E53-4E90-B38A-209F66785A0C}.Ad-Hoc|iPhoneSimulator.Build.0 = Ad-Hoc|iPhoneSimulator
		{DE5A820E-2E53-4E90-B38A-209F66785A0C}.AppStore|Any CPU.ActiveCfg = AppStore|iPhoneSimulator
		{DE5A820E-2E53-4E90-B38A-209F66785A0C}.AppStore|iPhone.ActiveCfg = AppStore|iPhone
		{DE5A820E-2E53-4E90-B38A-209F66785A0C}.AppStore|iPhone.Build.0 = AppStore|iPhone
		{DE5A820E-2E53-4E90-B38A-209F66785A0C}.AppStore|iPhoneSimulator.ActiveCfg = AppStore|iPhoneSimulator
		{DE5A820E-2E53-4E90-B38A-209F66785A0C}.AppStore|iPhoneSimulator.Build.0 = AppStore|iPhoneSimulator
		{DE5A820E-2E53-4E90-B38A-209F66785A0C}.Debug|Any CPU.ActiveCfg = Debug|iPhoneSimulator
		{DE5A820E-2E53-4E90-B38A-209F66785A0C}.Debug|Any CPU.Build.0 = Debug|iPhoneSimulator
		{DE5A820E-2E53-4E90-B38A-209F66785A0C}.Debug|iPhone.ActiveCfg = Debug|iPhone
		{DE5A820E-2E53-4E90-B38A-209F66785A0C}.Debug|iPhone.Build.0 = Debug|iPhone
		{DE5A820E-2E53-4E90-B38A-209F66785A0C}.Debug|iPhoneSimulator.ActiveCfg = Debug|iPhoneSimulator
		{DE5A820E-2E53-4E90-B38A-209F66785A0C}.Debug|iPhoneSimulator.Build.0 = Debug|iPhoneSimulator
		{DE5A820E-2E53-4E90-B38A-209F66785A0C}.Release|Any CPU.ActiveCfg = Release|iPhoneSimulator
		{DE5A820E-2E53-4E90-B38A-209F66785A0C}.Release|Any CPU.Build.0 = Release|iPhoneSimulator
		{DE5A820E-2E53-4E90-B38A-209F66785A0C}.Release|iPhone.ActiveCfg = Release|iPhone
		{DE5A820E-2E53-4E90-B38A-209F66785A0C}.Release|iPhone.Build.0 = Release|iPhone
		{DE5A820E-2E53-4E90-B38A-209F66785A0C}.Release|iPhoneSimulator.ActiveCfg = Release|iPhoneSimulator
		{DE5A820E-2E53-4E90-B38A-209F66785A0C}.Release|iPhoneSimulator.Build.0 = Release|iPhoneSimulator
		{4F52DC1F-D603-47DF-A943-D9D1EBFDB4B7}.Ad-Hoc|Any CPU.ActiveCfg = Release|Any CPU
		{4F52DC1F-D603-47DF-A943-D9D1EBFDB4B7}.Ad-Hoc|Any CPU.Build.0 = Release|Any CPU
		{4F52DC1F-D603-47DF-A943-D9D1EBFDB4B7}.Ad-Hoc|iPhone.ActiveCfg = Debug|Any CPU
		{4F52DC1F-D603-47DF-A943-D9D1EBFDB4B7}.Ad-Hoc|iPhone.Build.0 = Debug|Any CPU
		{4F52DC1F-D603-47DF-A943-D9D1EBFDB4B7}.Ad-Hoc|iPhoneSimulator.ActiveCfg = Release|Any CPU
		{4F52DC1F-D603-47DF-A943-D9D1EBFDB4B7}.Ad-Hoc|iPhoneSimulator.Build.0 = Release|Any CPU
		{4F52DC1F-D603-47DF-A943-D9D1EBFDB4B7}.AppStore|Any CPU.ActiveCfg = Release|Any CPU
		{4F52DC1F-D603-47DF-A943-D9D1EBFDB4B7}.AppStore|Any CPU.Build.0 = Release|Any CPU
		{4F52DC1F-D603-47DF-A943-D9D1EBFDB4B7}.AppStore|iPhone.ActiveCfg = Debug|Any CPU
		{4F52DC1F-D603-47DF-A943-D9D1EBFDB4B7}.AppStore|iPhone.Build.0 = Debug|Any CPU
		{4F52DC1F-D603-47DF-A943-D9D1EBFDB4B7}.AppStore|iPhoneSimulator.ActiveCfg = Release|Any CPU
		{4F52DC1F-D603-47DF-A943-D9D1EBFDB4B7}.AppStore|iPhoneSimulator.Build.0 = Release|Any CPU
		{4F52DC1F-D603-47DF-A943-D9D1EBFDB4B7}.Debug|Any CPU.ActiveCfg = Debug|Any CPU
		{4F52DC1F-D603-47DF-A943-D9D1EBFDB4B7}.Debug|Any CPU.Build.0 = Debug|Any CPU
		{4F52DC1F-D603-47DF-A943-D9D1EBFDB4B7}.Debug|iPhone.ActiveCfg = Debug|Any CPU
		{4F52DC1F-D603-47DF-A943-D9D1EBFDB4B7}.Debug|iPhone.Build.0 = Debug|Any CPU
		{4F52DC1F-D603-47DF-A943-D9D1EBFDB4B7}.Debug|iPhoneSimulator.ActiveCfg = Debug|Any CPU
		{4F52DC1F-D603-47DF-A943-D9D1EBFDB4B7}.Debug|iPhoneSimulator.Build.0 = Debug|Any CPU
		{4F52DC1F-D603-47DF-A943-D9D1EBFDB4B7}.Release|Any CPU.ActiveCfg = Release|Any CPU
		{4F52DC1F-D603-47DF-A943-D9D1EBFDB4B7}.Release|Any CPU.Build.0 = Release|Any CPU
		{4F52DC1F-D603-47DF-A943-D9D1EBFDB4B7}.Release|iPhone.ActiveCfg = Release|Any CPU
		{4F52DC1F-D603-47DF-A943-D9D1EBFDB4B7}.Release|iPhone.Build.0 = Release|Any CPU
		{4F52DC1F-D603-47DF-A943-D9D1EBFDB4B7}.Release|iPhoneSimulator.ActiveCfg = Release|Any CPU
		{4F52DC1F-D603-47DF-A943-D9D1EBFDB4B7}.Release|iPhoneSimulator.Build.0 = Release|Any CPU
		{951D3833-E577-45FC-93B2-1F9151B60AE1}.Ad-Hoc|Any CPU.ActiveCfg = Release|Any CPU
		{951D3833-E577-45FC-93B2-1F9151B60AE1}.Ad-Hoc|Any CPU.Build.0 = Release|Any CPU
		{951D3833-E577-45FC-93B2-1F9151B60AE1}.Ad-Hoc|iPhone.ActiveCfg = Release|Any CPU
		{951D3833-E577-45FC-93B2-1F9151B60AE1}.Ad-Hoc|iPhone.Build.0 = Release|Any CPU
		{951D3833-E577-45FC-93B2-1F9151B60AE1}.Ad-Hoc|iPhoneSimulator.ActiveCfg = Release|Any CPU
		{951D3833-E577-45FC-93B2-1F9151B60AE1}.Ad-Hoc|iPhoneSimulator.Build.0 = Release|Any CPU
		{951D3833-E577-45FC-93B2-1F9151B60AE1}.AppStore|Any CPU.ActiveCfg = Release|Any CPU
		{951D3833-E577-45FC-93B2-1F9151B60AE1}.AppStore|Any CPU.Build.0 = Release|Any CPU
		{951D3833-E577-45FC-93B2-1F9151B60AE1}.AppStore|iPhone.ActiveCfg = Release|Any CPU
		{951D3833-E577-45FC-93B2-1F9151B60AE1}.AppStore|iPhone.Build.0 = Release|Any CPU
		{951D3833-E577-45FC-93B2-1F9151B60AE1}.AppStore|iPhoneSimulator.ActiveCfg = Release|Any CPU
		{951D3833-E577-45FC-93B2-1F9151B60AE1}.AppStore|iPhoneSimulator.Build.0 = Release|Any CPU
		{951D3833-E577-45FC-93B2-1F9151B60AE1}.Debug|Any CPU.ActiveCfg = Debug|Any CPU
		{951D3833-E577-45FC-93B2-1F9151B60AE1}.Debug|Any CPU.Build.0 = Debug|Any CPU
		{951D3833-E577-45FC-93B2-1F9151B60AE1}.Debug|iPhone.ActiveCfg = Debug|Any CPU
		{951D3833-E577-45FC-93B2-1F9151B60AE1}.Debug|iPhone.Build.0 = Debug|Any CPU
		{951D3833-E577-45FC-93B2-1F9151B60AE1}.Debug|iPhoneSimulator.ActiveCfg = Debug|Any CPU
		{951D3833-E577-45FC-93B2-1F9151B60AE1}.Debug|iPhoneSimulator.Build.0 = Debug|Any CPU
		{951D3833-E577-45FC-93B2-1F9151B60AE1}.Release|Any CPU.ActiveCfg = Release|Any CPU
		{951D3833-E577-45FC-93B2-1F9151B60AE1}.Release|Any CPU.Build.0 = Release|Any CPU
		{951D3833-E577-45FC-93B2-1F9151B60AE1}.Release|iPhone.ActiveCfg = Release|Any CPU
		{951D3833-E577-45FC-93B2-1F9151B60AE1}.Release|iPhone.Build.0 = Release|Any CPU
		{951D3833-E577-45FC-93B2-1F9151B60AE1}.Release|iPhoneSimulator.ActiveCfg = Release|Any CPU
		{951D3833-E577-45FC-93B2-1F9151B60AE1}.Release|iPhoneSimulator.Build.0 = Release|Any CPU
		{F1260276-71E3-4D64-90D2-0A78225A89B5}.Ad-Hoc|Any CPU.ActiveCfg = Release|Any CPU
		{F1260276-71E3-4D64-90D2-0A78225A89B5}.Ad-Hoc|Any CPU.Build.0 = Release|Any CPU
		{F1260276-71E3-4D64-90D2-0A78225A89B5}.Ad-Hoc|iPhone.ActiveCfg = Release|Any CPU
		{F1260276-71E3-4D64-90D2-0A78225A89B5}.Ad-Hoc|iPhone.Build.0 = Release|Any CPU
		{F1260276-71E3-4D64-90D2-0A78225A89B5}.Ad-Hoc|iPhoneSimulator.ActiveCfg = Release|Any CPU
		{F1260276-71E3-4D64-90D2-0A78225A89B5}.Ad-Hoc|iPhoneSimulator.Build.0 = Release|Any CPU
		{F1260276-71E3-4D64-90D2-0A78225A89B5}.AppStore|Any CPU.ActiveCfg = Release|Any CPU
		{F1260276-71E3-4D64-90D2-0A78225A89B5}.AppStore|Any CPU.Build.0 = Release|Any CPU
		{F1260276-71E3-4D64-90D2-0A78225A89B5}.AppStore|iPhone.ActiveCfg = Release|Any CPU
		{F1260276-71E3-4D64-90D2-0A78225A89B5}.AppStore|iPhone.Build.0 = Release|Any CPU
		{F1260276-71E3-4D64-90D2-0A78225A89B5}.AppStore|iPhoneSimulator.ActiveCfg = Release|Any CPU
		{F1260276-71E3-4D64-90D2-0A78225A89B5}.AppStore|iPhoneSimulator.Build.0 = Release|Any CPU
		{F1260276-71E3-4D64-90D2-0A78225A89B5}.Debug|Any CPU.ActiveCfg = Debug|Any CPU
		{F1260276-71E3-4D64-90D2-0A78225A89B5}.Debug|Any CPU.Build.0 = Debug|Any CPU
		{F1260276-71E3-4D64-90D2-0A78225A89B5}.Debug|iPhone.ActiveCfg = Debug|Any CPU
		{F1260276-71E3-4D64-90D2-0A78225A89B5}.Debug|iPhone.Build.0 = Debug|Any CPU
		{F1260276-71E3-4D64-90D2-0A78225A89B5}.Debug|iPhoneSimulator.ActiveCfg = Debug|Any CPU
		{F1260276-71E3-4D64-90D2-0A78225A89B5}.Debug|iPhoneSimulator.Build.0 = Debug|Any CPU
		{F1260276-71E3-4D64-90D2-0A78225A89B5}.Release|Any CPU.ActiveCfg = Release|Any CPU
		{F1260276-71E3-4D64-90D2-0A78225A89B5}.Release|Any CPU.Build.0 = Release|Any CPU
		{F1260276-71E3-4D64-90D2-0A78225A89B5}.Release|iPhone.ActiveCfg = Release|Any CPU
		{F1260276-71E3-4D64-90D2-0A78225A89B5}.Release|iPhone.Build.0 = Release|Any CPU
		{F1260276-71E3-4D64-90D2-0A78225A89B5}.Release|iPhoneSimulator.ActiveCfg = Release|Any CPU
		{F1260276-71E3-4D64-90D2-0A78225A89B5}.Release|iPhoneSimulator.Build.0 = Release|Any CPU
		{4675594F-8DAB-4C65-878A-C10433EF6EFA}.Ad-Hoc|Any CPU.ActiveCfg = Release|Any CPU
		{4675594F-8DAB-4C65-878A-C10433EF6EFA}.Ad-Hoc|Any CPU.Build.0 = Release|Any CPU
		{4675594F-8DAB-4C65-878A-C10433EF6EFA}.Ad-Hoc|iPhone.ActiveCfg = Release|Any CPU
		{4675594F-8DAB-4C65-878A-C10433EF6EFA}.Ad-Hoc|iPhone.Build.0 = Release|Any CPU
		{4675594F-8DAB-4C65-878A-C10433EF6EFA}.Ad-Hoc|iPhoneSimulator.ActiveCfg = Release|Any CPU
		{4675594F-8DAB-4C65-878A-C10433EF6EFA}.Ad-Hoc|iPhoneSimulator.Build.0 = Release|Any CPU
		{4675594F-8DAB-4C65-878A-C10433EF6EFA}.AppStore|Any CPU.ActiveCfg = Release|Any CPU
		{4675594F-8DAB-4C65-878A-C10433EF6EFA}.AppStore|Any CPU.Build.0 = Release|Any CPU
		{4675594F-8DAB-4C65-878A-C10433EF6EFA}.AppStore|iPhone.ActiveCfg = Release|Any CPU
		{4675594F-8DAB-4C65-878A-C10433EF6EFA}.AppStore|iPhone.Build.0 = Release|Any CPU
		{4675594F-8DAB-4C65-878A-C10433EF6EFA}.AppStore|iPhoneSimulator.ActiveCfg = Release|Any CPU
		{4675594F-8DAB-4C65-878A-C10433EF6EFA}.AppStore|iPhoneSimulator.Build.0 = Release|Any CPU
		{4675594F-8DAB-4C65-878A-C10433EF6EFA}.Debug|Any CPU.ActiveCfg = Debug|Any CPU
		{4675594F-8DAB-4C65-878A-C10433EF6EFA}.Debug|Any CPU.Build.0 = Debug|Any CPU
		{4675594F-8DAB-4C65-878A-C10433EF6EFA}.Debug|iPhone.ActiveCfg = Debug|Any CPU
		{4675594F-8DAB-4C65-878A-C10433EF6EFA}.Debug|iPhone.Build.0 = Debug|Any CPU
		{4675594F-8DAB-4C65-878A-C10433EF6EFA}.Debug|iPhoneSimulator.ActiveCfg = Debug|Any CPU
		{4675594F-8DAB-4C65-878A-C10433EF6EFA}.Debug|iPhoneSimulator.Build.0 = Debug|Any CPU
		{4675594F-8DAB-4C65-878A-C10433EF6EFA}.Release|Any CPU.ActiveCfg = Release|Any CPU
		{4675594F-8DAB-4C65-878A-C10433EF6EFA}.Release|Any CPU.Build.0 = Release|Any CPU
		{4675594F-8DAB-4C65-878A-C10433EF6EFA}.Release|iPhone.ActiveCfg = Release|Any CPU
		{4675594F-8DAB-4C65-878A-C10433EF6EFA}.Release|iPhone.Build.0 = Release|Any CPU
		{4675594F-8DAB-4C65-878A-C10433EF6EFA}.Release|iPhoneSimulator.ActiveCfg = Release|Any CPU
		{4675594F-8DAB-4C65-878A-C10433EF6EFA}.Release|iPhoneSimulator.Build.0 = Release|Any CPU
	EndGlobalSection
	GlobalSection(SolutionProperties) = preSolution
		HideSolutionNode = FALSE
	EndGlobalSection
	GlobalSection(ExtensibilityGlobals) = postSolution
		SolutionGuid = {9A586C60-DB91-4F6D-A397-F6EA89781716}
	EndGlobalSection
EndGlobal
